dependencies:
- name: nats
  repository: https://charts.bitnami.com/bitnami
  version: 6.0.0
- name: redis
  repository: https://charts.bitnami.com/bitnami
  version: 12.7.0
- name: etcd
  repository: https://charts.bitnami.com/bitnami
  version: 5.3.0
digest: sha256:78a2ff49f79d9f73f1033f8c5813ebf83ec66d59445f0624ebb2fd9739317362
generated: "2021-01-28T15:55:45.188059995Z"
