dependencies:
- name: nats
  repository: https://charts.bitnami.com/bitnami
  version: 6.2.0
- name: redis
  repository: https://charts.bitnami.com/bitnami
  version: 12.1.1
- name: etcd
  repository: https://charts.bitnami.com/bitnami
  version: 5.3.0
digest: sha256:bfdf5651c2cdf880f46bb8dc4e56f1357b2b417a0522b41c542ddc7640b5e936
generated: "2021-01-28T21:33:45.620704888Z"
